
Microsoft Visual Studio Solution File, Format Version 12.00
# Visual Studio Version 17
VisualStudioVersion = 17.14.36203.30
MinimumVisualStudioVersion = 10.0.40219.1
Project("{FAE04EC0-301F-11D3-BF4B-00C04F79EFBC}") = "EVOpsPro.Servcies.KhiemNVD", "EVOpsPro.Servcie.KhiemNVD\EVOpsPro.Servcies.KhiemNVD.csproj", "{1104CA95-E303-557F-C351-4AEC8F9087B5}"
EndProject
Project("{FAE04EC0-301F-11D3-BF4B-00C04F79EFBC}") = "EVOpsPro.Repositories.KhiemNVD", "EVOpsPro.Repositories.KhiemNVD\EVOpsPro.Repositories.KhiemNVD.csproj", "{483CC0FA-9429-D50D-B9F9-31D1B7B9FC19}"
EndProject
Project("{FAE04EC0-301F-11D3-BF4B-00C04F79EFBC}") = "EVOpsPro.GraphQLWebAPI.KhiemNVD", "EVOpsPro.GraphQLWebAPI.KhiemNVD\EVOpsPro.GraphQLWebAPI.KhiemNVD.csproj", "{93C2090D-6254-479D-80B3-3E150481B3C1}"
EndProject
Project("{FAE04EC0-301F-11D3-BF4B-00C04F79EFBC}") = "EVOpsPro.BlazorWebApp.KhiemNVD", "EVOpsPro.BlazorWebApp.KhiemNVD\EVOpsPro.BlazorWebApp.KhiemNVD.csproj", "{3124808C-250B-49D0-89D6-07107A9AF637}"
EndProject
Global
	GlobalSection(SolutionConfigurationPlatforms) = preSolution
		Debug|Any CPU = Debug|Any CPU
		Release|Any CPU = Release|Any CPU
	EndGlobalSection
	GlobalSection(ProjectConfigurationPlatforms) = postSolution
		{1104CA95-E303-557F-C351-4AEC8F9087B5}.Debug|Any CPU.ActiveCfg = Debug|Any CPU
		{1104CA95-E303-557F-C351-4AEC8F9087B5}.Debug|Any CPU.Build.0 = Debug|Any CPU
		{1104CA95-E303-557F-C351-4AEC8F9087B5}.Release|Any CPU.ActiveCfg = Release|Any CPU
		{1104CA95-E303-557F-C351-4AEC8F9087B5}.Release|Any CPU.Build.0 = Release|Any CPU
		{483CC0FA-9429-D50D-B9F9-31D1B7B9FC19}.Debug|Any CPU.ActiveCfg = Debug|Any CPU
		{483CC0FA-9429-D50D-B9F9-31D1B7B9FC19}.Debug|Any CPU.Build.0 = Debug|Any CPU
		{483CC0FA-9429-D50D-B9F9-31D1B7B9FC19}.Release|Any CPU.ActiveCfg = Release|Any CPU
		{483CC0FA-9429-D50D-B9F9-31D1B7B9FC19}.Release|Any CPU.Build.0 = Release|Any CPU
		{93C2090D-6254-479D-80B3-3E150481B3C1}.Debug|Any CPU.ActiveCfg = Debug|Any CPU
		{93C2090D-6254-479D-80B3-3E150481B3C1}.Debug|Any CPU.Build.0 = Debug|Any CPU
		{93C2090D-6254-479D-80B3-3E150481B3C1}.Release|Any CPU.ActiveCfg = Release|Any CPU
		{93C2090D-6254-479D-80B3-3E150481B3C1}.Release|Any CPU.Build.0 = Release|Any CPU
		{3124808C-250B-49D0-89D6-07107A9AF637}.Debug|Any CPU.ActiveCfg = Debug|Any CPU
		{3124808C-250B-49D0-89D6-07107A9AF637}.Debug|Any CPU.Build.0 = Debug|Any CPU
		{3124808C-250B-49D0-89D6-07107A9AF637}.Release|Any CPU.ActiveCfg = Release|Any CPU
		{3124808C-250B-49D0-89D6-07107A9AF637}.Release|Any CPU.Build.0 = Release|Any CPU
	EndGlobalSection
	GlobalSection(SolutionProperties) = preSolution
		HideSolutionNode = FALSE
	EndGlobalSection
	GlobalSection(ExtensibilityGlobals) = postSolution
		SolutionGuid = {574A0A1D-A587-4D3C-B5C2-9BAABE4F9777}
	EndGlobalSection
EndGlobal
